---
lockfileVersion: '9.0'

importers:

  .:
    configDependencies: {}
    packageManagerDependencies:
      pnpm:
        specifier: 12.7.0
        version: 12.7.0

packages:

  '@pnpm/exe.android-arm64@12.7.0':
    resolution: {integrity: sha512-gJTCsUbazAEbIMF9l2t+z3YWHCI0AiThtBsxU6FrxXK0tZsBRZZWpleLs0uY8Dy6V0RcPEusn3UyuAyFn3dkeA==}
    cpu: [arm64]
    os: [android]

  '@pnpm/exe.android-x64@12.7.0':
    resolution: {integrity: sha512-7187pEwqAwbrmXesKiCXfmQUARVacBooJDTWqL+9olZh7sZwnECq5pB/KzuYZbnmdHZUkBWRyvChzKojmtSE7Q==}
    cpu: [x64]
    os: [android]

  '@pnpm/exe.darwin-arm64@12.7.0':
    resolution: {integrity: sha512-ppzJ2ln60/Oq0BJpy5bHqwZb0q1Trg/+xb7myxjaIgZfaybwnH3OuFX5w8PPQdRrjYwljgygYLC/7LMtZc/iuQ==}
    cpu: [arm64]
    os: [darwin]

  '@pnpm/exe.darwin-x64@12.7.0':
    resolution: {integrity: sha512-+qxS/A5O4rFD7T+qqWnWjESbKVAzKsh9LubDHt9xZ34AbwVk3ZFcAW/7vX5R1jqq+uGgziMPtcVJKc5CICVHCQ==}
    cpu: [x64]
    os: [darwin]

  '@pnpm/exe.freebsd-x64@12.7.0':
    resolution: {integrity: sha512-uv0x93hoecec7IlT/FCwQe2siStGspG7G3EZQtIHH2n3ClDzbsQcEiW1QbMoAyZoLVrR7Pm9ovTndUCRcZ5y1g==}
    cpu: [x64]
    os: [freebsd]

  '@pnpm/exe.linux-arm64-musl@12.7.0':
    resolution: {integrity: sha512-XZlRiVL/l8mOhPyaocElpaHq6rKHDvkP/oyo1hHgUePX+XzBtQ0KLEgkBLZbk1/f5yGWimQTPmBNvzaYzQLdOg==}
    cpu: [arm64]
    os: [linux]
    libc: [musl]

  '@pnpm/exe.linux-arm64@12.7.0':
    resolution: {integrity: sha512-vwPQU+Bt3qXMhzjcmMa25W3yP8OyF9yFxHoojr10QJm9lRUmz/SwtM2oHbHKZKkyid/ngmMARXsChFyuRQig5w==}
    cpu: [arm64]
    os: [linux]
    libc: [glibc]

  '@pnpm/exe.linux-ppc64@12.7.0':
    resolution: {integrity: sha512-qzE3TEXYLw0gR2ytclbsGeQ7cA981GeTHMAn86cw9+Jn8nQNa8LZ5ZzCxKRXtGvkEN/FDc0oyGdtILT4JHSStg==}
    cpu: [ppc64]
    os: [linux]
    libc: [glibc]

  '@pnpm/exe.linux-riscv64@12.7.0':
    resolution: {integrity: sha512-bTw09mf/v+AuftWePL7pO3WZR0p52A9flr8zpGlcvxKUAKRTE2BDOVeZsWk/8f01ZaO2/0ECtEds6CKfec591w==}
    cpu: [riscv64]
    os: [linux]
    libc: [glibc]

  '@pnpm/exe.linux-s390x@12.7.0':
    resolution: {integrity: sha512-frVk6Ilh2sKVs+CINnJCp3+kiGRi/cE3DARmFftljlrGX09livS4UU37uc7EsAxI4Kbt0WZjeTVT2q6XbVJCrA==}
    cpu: [s390x]
    os: [linux]
    libc: [glibc]

  '@pnpm/exe.linux-x64-musl@12.7.0':
    resolution: {integrity: sha512-AhoNY7xkhUb0GLqjrtxmxKZsoNM1Jea/VH/ypxt9nyBA5gXJGXo6uM+2Pode3vrWf1rSiVGicokkyEZLkDKf+A==}
    cpu: [x64]
    os: [linux]
    libc: [musl]

  '@pnpm/exe.linux-x64@12.7.0':
    resolution: {integrity: sha512-gGW7NJFmr33IJ6KZu+1w90KBtFxMVf/+AUG8aKJpy4v6dRnUd5v84PcH2ejUuxp/fm3zM0IY6h9LwcYPu9dxdg==}
    cpu: [x64]
    os: [linux]
    libc: [glibc]

  '@pnpm/exe.win32-arm64@12.7.0':
    resolution: {integrity: sha512-cI+aZwzOCQc7hQwCA1BydiM3FpxVHdfdMzI3jOG7MQ0d8NHvk5MrdKTTKiKJH2L5VdwWoWHFXbnvhCEyN/fVsg==}
    cpu: [arm64]
    os: [win32]

  '@pnpm/exe.win32-x64@12.7.0':
    resolution: {integrity: sha512-+eZ6gFsDbdyuw7GO7amdRh+GpjrQOIe9qjjOmeznWeEsfEeD8GNSrRXtbWe/zpPcxheexAnO7UCeavkhHLVFWg==}
    cpu: [x64]
    os: [win32]

  pnpm@12.7.0:
    resolution: {integrity: sha512-nFZHfjYAaNbp3KapLvtORrPcWlL86/PYTXi5c2wN7ViaVhYhpS9oIZp6OfrMY83AecMibvnJ1fArefdOaagHtg==}
    engines: {node: '>=18.*'}
    hasBin: true

snapshots:

  '@pnpm/exe.android-arm64@12.7.0':
    optional: true

  '@pnpm/exe.android-x64@12.7.0':
    optional: true

  '@pnpm/exe.darwin-arm64@12.7.0':
    optional: true

  '@pnpm/exe.darwin-x64@12.7.0':
    optional: true

  '@pnpm/exe.freebsd-x64@12.7.0':
    optional: true

  '@pnpm/exe.linux-arm64-musl@12.7.0':
    optional: true

  '@pnpm/exe.linux-arm64@12.7.0':
    optional: true

  '@pnpm/exe.linux-ppc64@12.7.0':
    optional: true

  '@pnpm/exe.linux-riscv64@12.7.0':
    optional: true

  '@pnpm/exe.linux-s390x@12.7.0':
    optional: true

  '@pnpm/exe.linux-x64-musl@12.7.0':
    optional: true

  '@pnpm/exe.linux-x64@12.7.0':
    optional: true

  '@pnpm/exe.win32-arm64@12.7.0':
    optional: true

  '@pnpm/exe.win32-x64@12.7.0':
    optional: true

  pnpm@12.7.0:
    optionalDependencies:
      '@pnpm/exe.android-arm64': 12.7.0
      '@pnpm/exe.android-x64': 12.7.0
      '@pnpm/exe.darwin-arm64': 12.7.0
      '@pnpm/exe.darwin-x64': 12.7.0
      '@pnpm/exe.freebsd-x64': 12.7.0
      '@pnpm/exe.linux-arm64': 12.7.0
      '@pnpm/exe.linux-arm64-musl': 12.7.0
      '@pnpm/exe.linux-ppc64': 12.7.0
      '@pnpm/exe.linux-riscv64': 12.7.0
      '@pnpm/exe.linux-s390x': 12.7.0
      '@pnpm/exe.linux-x64': 12.7.0
      '@pnpm/exe.linux-x64-musl': 12.7.0
      '@pnpm/exe.win32-arm64': 12.7.0
      '@pnpm/exe.win32-x64': 12.7.0

---
lockfileVersion: '9.0'

settings:
  autoInstallPeers: true
  excludeLinksFromLockfile: false

importers:

  .:
    dependencies:
      react:
        specifier: 19.3.0
        version: 19.3.0
      react-dom:
        specifier: 19.3.0
        version: 19.3.0(react@19.3.0)
    devDependencies:
      '@biomejs/biome':
        specifier: 2.5.14
        version: 2.5.14
      '@types/node':
        specifier: 24.19.0
        version: 24.19.0
      '@types/react':
        specifier: 19.3.0
        version: 19.3.0
      '@types/react-dom':
        specifier: 19.3.0
        version: 19.3.0(@types/react@19.3.0)
      typescript:
        specifier: 7.0.2
        version: 7.0.2
      vitest:
        specifier: 5.0.2
        version: 5.0.2(@types/node@24.19.0)(vite@8.3.1(@types/node@24.19.0)(yaml@2.9.1))
      yaml:
        specifier: 2.9.1
        version: 2.9.1

  packages/auth-context:
    dependencies:
      react:
        specifier: 19.3.0
        version: 19.3.0

  packages/contracts: {}

  packages/ui:
    dependencies:
      react:
        specifier: 19.3.0
        version: 19.3.0

  src/auth: {}

  src/author:
    dependencies:
      react:
        specifier: 19.3.0
        version: 19.3.0

  src/backend: {}

packages:

  '@biomejs/biome@2.5.14':
    resolution: {integrity: sha512-0FabLIjd4M/dm8VFI86RMaLLdgepzbdfiAL2R8cr7V81OYYrP1w7Z73KfAwPK5h9SrEBXTzNG2y+mBwPo9xRnw==, tarball: https://registry.npmjs.org/@biomejs/biome/-/biome-2.5.14.tgz}
    engines: {node: '>=14.21.3'}
    hasBin: true

  '@biomejs/cli-darwin-arm64@2.5.14':
    resolution: {integrity: sha512-UnzaXO65L4tsZimFITFP2M121GyhDcWFrT3pL5ZJ5U4XcS/0L5VHYytVohdCf/gnDUFHgl2I9xnt5bV/J1kxHQ==, tarball: https://registry.npmjs.org/@biomejs/cli-darwin-arm64/-/cli-darwin-arm64-2.5.14.tgz}
    engines: {node: '>=14.21.3'}
    cpu: [arm64]
    os: [darwin]

  '@biomejs/cli-darwin-x64@2.5.14':
    resolution: {integrity: sha512-kiy8qA16K93J7uvFfWi4LgjqDpnRKyePAna6A0Y4jxyUga35SYpIZ2cNWlhy0lsfgqRenCpfymnJWEZ6mgpRgA==, tarball: https://registry.npmjs.org/@biomejs/cli-darwin-x64/-/cli-darwin-x64-2.5.14.tgz}
    engines: {node: '>=14.21.3'}
    cpu: [x64]
    os: [darwin]

  '@biomejs/cli-linux-arm64-musl@2.5.14':
    resolution: {integrity: sha512-SJ9PrZkBnnH9dHJDnxk34vKs0GB2dbsioaft6/hPhWJ7AHpwYH83Isnhj0FSRpFkGgpVfJ1lds23ApB2czUDLQ==, tarball: https://registry.npmjs.org/@biomejs/cli-linux-arm64-musl/-/cli-linux-arm64-musl-2.5.14.tgz}
    engines: {node: '>=14.21.3'}
    cpu: [arm64]
    os: [linux]
    libc: [musl]

  '@biomejs/cli-linux-arm64@2.5.14':
    resolution: {integrity: sha512-vO/9BaU1n30CiFNLx49gMTMtbCAAqlo/EqFoG0BU3deQInTbJrmXSmTQ9e3FoDZIKQnvSLDVNL4lx1ci7y1T1Q==, tarball: https://registry.npmjs.org/@biomejs/cli-linux-arm64/-/cli-linux-arm64-2.5.14.tgz}
    engines: {node: '>=14.21.3'}
    cpu: [arm64]
    os: [linux]
    libc: [glibc]

  '@biomejs/cli-linux-x64-musl@2.5.14':
    resolution: {integrity: sha512-2kI5PrMgW5dcEZYrstLPmUmCwkUwZY39rP4BN93Vxbwcs2O57LDQOktUZZYPvvspN5i0mhGr3TJtF5sU26NUWg==, tarball: https://registry.npmjs.org/@biomejs/cli-linux-x64-musl/-/cli-linux-x64-musl-2.5.14.tgz}
    engines: {node: '>=14.21.3'}
    cpu: [x64]
    os: [linux]
    libc: [musl]

  '@biomejs/cli-linux-x64@2.5.14':
    resolution: {integrity: sha512-VHZRa7CCQBUWKxNwUvHJeuW03WFRgN5NWO//SDGOitc9QIeNyfA42V9zlKm+x82xFSG9Bzi5fi+hbhm9anO8yA==, tarball: https://registry.npmjs.org/@biomejs/cli-linux-x64/-/cli-linux-x64-2.5.14.tgz}
    engines: {node: '>=14.21.3'}
    cpu: [x64]
    os: [linux]
    libc: [glibc]

  '@biomejs/cli-win32-arm64@2.5.14':
    resolution: {integrity: sha512-pHgAFffmZtaYoxavEsWEYNvcA7NwOIjLyqw2HXyLbt16xYryX0L4fMV2u0G9ag6LNYPIoqWaWqzUcnc6rLGGXg==, tarball: https://registry.npmjs.org/@biomejs/cli-win32-arm64/-/cli-win32-arm64-2.5.14.tgz}
    engines: {node: '>=14.21.3'}
    cpu: [arm64]
    os: [win32]

  '@biomejs/cli-win32-x64@2.5.14':
    resolution: {integrity: sha512-oJWmBhoHsnhUKIke+0gXDX0mltJrWHA1UyHsrTlXwX0TL64ilVZAo+TYZm97baecV0esBdpzy3k96q+09JaZUQ==, tarball: https://registry.npmjs.org/@biomejs/cli-win32-x64/-/cli-win32-x64-2.5.14.tgz}
    engines: {node: '>=14.21.3'}
    cpu: [x64]
    os: [win32]

  '@jridgewell/resolve-uri@3.1.2':
    resolution: {integrity: sha1-eg7mAfYPmaIMfHxf8MgDiMEYm9Y=, tarball: https://registry.npmjs.org/@jridgewell/resolve-uri/-/resolve-uri-3.1.2.tgz}
    engines: {node: '>=6.0.0'}

  '@jridgewell/sourcemap-codec@1.6.0':
    resolution: {integrity: sha1-9MZj6GLwbcmMpNRThixGkCeJoY0=, tarball: https://registry.npmjs.org/@jridgewell/sourcemap-codec/-/sourcemap-codec-1.6.0.tgz}

  '@jridgewell/trace-mapping@0.3.31':
    resolution: {integrity: sha1-2xXWeByTHzolGj2sOVAcmKYIL9A=, tarball: https://registry.npmjs.org/@jridgewell/trace-mapping/-/trace-mapping-0.3.31.tgz}

  '@oxc-project/types@0.151.0':
    resolution: {integrity: sha512-J1yXrIlNDZVzE3ada310xeAw7nH8yCAyLPuUIsjKatFPmfn5bS1oW+cM+QsGOtVWd5nhSpbwZWx/rue+r5Z+PA==, tarball: https://registry.npmjs.org/@oxc-project/types/-/types-0.151.0.tgz}

  '@rolldown/binding-android-arm-eabi@1.2.11':
    resolution: {integrity: sha512-A5kXfGKvKWWZE0TtPrfsvT+q4Y5d1QG8gGUzpYjGydM+fARM9MuX90PrXYXe0XbsDVgyxxNzHo6giCj90bsFNw==, tarball: https://registry.npmjs.org/@rolldown/binding-android-arm-eabi/-/binding-android-arm-eabi-1.2.11.tgz}
    engines: {node: ^20.19.0 || >=22.12.0}
    cpu: [arm]
    os: [android]

  '@rolldown/binding-android-arm64@1.2.11':
    resolution: {integrity: sha512-z6cTycz+iJ4PVkuL4HHW4DfTfoeU/2nqYYuSOrTmH7yHK5Y0LCOnA03V4ZNxavyVaU1oOqUgIg2klN/s+USGOA==, tarball: https://registry.npmjs.org/@rolldown/binding-android-arm64/-/binding-android-arm64-1.2.11.tgz}
    engines: {node: ^20.19.0 || >=22.12.0}
    cpu: [arm64]
    os: [android]

  '@rolldown/binding-darwin-arm64@1.2.11':
    resolution: {integrity: sha512-jShvqNtP6vDC6/A5JOAzbVV+DkgHqhl/ScVCJEbt+TUY6QYz7YnXcrg3sLtFBniro0f/Ld50ZwCWA6f7KYD1nQ==, tarball: https://registry.npmjs.org/@rolldown/binding-darwin-arm64/-/binding-darwin-arm64-1.2.11.tgz}
    engines: {node: ^20.19.0 || >=22.12.0}
    cpu: [arm64]
    os: [darwin]

  '@rolldown/binding-darwin-x64@1.2.11':
    resolution: {integrity: sha512-f2i2xiNWq1Z1l2++q2fuhZRdLAT3aqxD6vRNm1RAxpUoBcdqNB3C0s1Bt+K+PbEx2F5F4gQp6hqKkphCY/xF9w==, tarball: https://registry.npmjs.org/@rolldown/binding-darwin-x64/-/binding-darwin-x64-1.2.11.tgz}
    engines: {node: ^20.19.0 || >=22.12.0}
    cpu: [x64]
    os: [darwin]

  '@rolldown/binding-freebsd-x64@1.2.11':
    resolution: {integrity: sha512-4Ir5FSOKIAMr4r0kExpt1s3bMgzJU3rA45AYOHtQpls0oNeqcYBKrWMlckrYH4KCfGLfkfn1tN1dmZPMVsdXow==, tarball: https://registry.npmjs.org/@rolldown/binding-freebsd-x64/-/binding-freebsd-x64-1.2.11.tgz}
    engines: {node: ^20.19.0 || >=22.12.0}
    cpu: [x64]
    os: [freebsd]

  '@rolldown/binding-linux-arm-gnueabihf@1.2.11':
    resolution: {integrity: sha512-/gnRDM+39BROzAN/k1OZjDPnDMcZxB/0EUxKjONO5yVkNEvlsoMDrxGNKgZi/ttFriS2gwlDNzB65pvNbFOXIQ==, tarball: https://registry.npmjs.org/@rolldown/binding-linux-arm-gnueabihf/-/binding-linux-arm-gnueabihf-1.2.11.tgz}
    engines: {node: ^20.19.0 || >=22.12.0}
    cpu: [arm]
    os: [linux]

  '@rolldown/binding-linux-arm64-gnu@1.2.11':
    resolution: {integrity: sha512-PFaK8HwvAHbaKbBcDNQihjMKYvFnA5hiENx/l5tphTDz1E0WFp32l0A7aq7lyUwGsRw/xSrNIy/gIK4thrSCrw==, tarball: https://registry.npmjs.org/@rolldown/binding-linux-arm64-gnu/-/binding-linux-arm64-gnu-1.2.11.tgz}
    engines: {node: ^20.19.0 || >=22.12.0}
    cpu: [arm64]
    os: [linux]
    libc: [glibc]

  '@rolldown/binding-linux-arm64-musl@1.2.11':
    resolution: {integrity: sha512-AskzJUIKRLPxkruR1wLKewGbOw+EYfU/9lOrBFj4AFrEA8hPpKFnODWNu2WLaNs0QNkEb9QIJufmVZZIL/bJlg==, tarball: https://registry.npmjs.org/@rolldown/binding-linux-arm64-musl/-/binding-linux-arm64-musl-1.2.11.tgz}
    engines: {node: ^20.19.0 || >=22.12.0}
    cpu: [arm64]
    os: [linux]
    libc: [musl]

  '@rolldown/binding-linux-ppc64-gnu@1.2.11':
    resolution: {integrity: sha512-qlUGAheh2yh8afH7QBgx0PrRHN85hKnNd78x8MeMhXivuevgd8vgf6/CstOzmNKY/lLTHvNTrPy98cLnAugzJw==, tarball: https://registry.npmjs.org/@rolldown/binding-linux-ppc64-gnu/-/binding-linux-ppc64-gnu-1.2.11.tgz}
    engines: {node: ^20.19.0 || >=22.12.0}
    cpu: [ppc64]
    os: [linux]
    libc: [glibc]

  '@rolldown/binding-linux-s390x-gnu@1.2.11':
    resolution: {integrity: sha512-secpEad+0vCbSfn8upFySkDskv+bGPk3THSDS9Y89yc4rb4kzqHp8Dmyd9BkQW4SnhNXBZCl/6CrO//hZahNJQ==, tarball: https://registry.npmjs.org/@rolldown/binding-linux-s390x-gnu/-/binding-linux-s390x-gnu-1.2.11.tgz}
    engines: {node: ^20.19.0 || >=22.12.0}
    cpu: [s390x]
    os: [linux]
    libc: [glibc]

  '@rolldown/binding-linux-x64-gnu@1.2.11':
    resolution: {integrity: sha512-mOVBT3dPpkWm8XBWPmU4bf+U6dYDLeMo/9ojUmis4N0L5uu10qra5vOyngZ7/PSdoE4G9KvRt4bloRxNjLas7A==, tarball: https://registry.npmjs.org/@rolldown/binding-linux-x64-gnu/-/binding-linux-x64-gnu-1.2.11.tgz}
    engines: {node: ^20.19.0 || >=22.12.0}
    cpu: [x64]
    os: [linux]
    libc: [glibc]

  '@rolldown/binding-linux-x64-musl@1.2.11':
    resolution: {integrity: sha512-Is78i9A8Ui4SqcxUwFJ9uMmjDn58IbVTjFWYdQestFEgeuEmHMLGNriXnVJKkwG2YiZjw8cP0zCTyDMdDGtOOg==, tarball: https://registry.npmjs.org/@rolldown/binding-linux-x64-musl/-/binding-linux-x64-musl-1.2.11.tgz}
    engines: {node: ^20.19.0 || >=22.12.0}
    cpu: [x64]
    os: [linux]
    libc: [musl]

  '@rolldown/binding-openharmony-arm64@1.2.11':
    resolution: {integrity: sha512-dUCXneZ87INUMyQ0D+C0HrEBNUPNXHaPmU5GTjyKTJEiussw9Kaj5Ln8UztPe4epV/ffvgNBEadksdYhmW6xJA==, tarball: https://registry.npmjs.org/@rolldown/binding-openharmony-arm64/-/binding-openharmony-arm64-1.2.11.tgz}
    engines: {node: ^20.19.0 || >=22.12.0}
    cpu: [arm64]
    os: [openharmony]

  '@rolldown/binding-win32-arm64-msvc@1.2.11':
    resolution: {integrity: sha512-jByxb6qfd+bH1xUd0qnfFnb17i9sWBPY2tOavJ0l3tdr3OTu+Kvtm8cd/JV5nFt657b1VqGltxg9olOEfofXWw==, tarball: https://registry.npmjs.org/@rolldown/binding-win32-arm64-msvc/-/binding-win32-arm64-msvc-1.2.11.tgz}
    engines: {node: ^20.19.0 || >=22.12.0}
    cpu: [arm64]
    os: [win32]

  '@rolldown/binding-win32-x64-msvc@1.2.11':
    resolution: {integrity: sha512-/PzKqzAJ03i19oy2ItPvyvaVjOjBCNnfaJs8yvUdGBKmiESgnrJSQ2awd81QzFbbnAmu7YO9ZnJrDCb9VSJPRA==, tarball: https://registry.npmjs.org/@rolldown/binding-win32-x64-msvc/-/binding-win32-x64-msvc-1.2.11.tgz}
    engines: {node: ^20.19.0 || >=22.12.0}
    cpu: [x64]
    os: [win32]

  '@rolldown/pluginutils@1.0.1':
    resolution: {integrity: sha1-4/zuCT+7XOdl4a0Ij/TeKIn2+b4=, tarball: https://registry.npmjs.org/@rolldown/pluginutils/-/pluginutils-1.0.1.tgz}

  '@types/chai@5.2.3':
    resolution: {integrity: sha1-jpzZ4cNYH6azQaWu1ViOsoW+C0o=, tarball: https://registry.npmjs.org/@types/chai/-/chai-5.2.3.tgz}

  '@types/deep-eql@4.0.2':
    resolution: {integrity: sha1-M0MRlx06BxIefrkbaEpgXn7qnL0=, tarball: https://registry.npmjs.org/@types/deep-eql/-/deep-eql-4.0.2.tgz}

  '@types/estree@1.0.9':
    resolution: {integrity: sha1-zz8Oh2177hWpOrkluCv1cKOQSiQ=, tarball: https://registry.npmjs.org/@types/estree/-/estree-1.0.9.tgz}

  '@types/node@24.19.0':
    resolution: {integrity: sha512-zY+5tKxXdhGh1PYI0ac+7juvEu4OI6vWtVVoj5i2m42jxAY1U+zHGt6QCyOFwykdP62sM3MJ9stoYYUw5aCWew==, tarball: https://registry.npmjs.org/@types/node/-/node-24.19.0.tgz}

  '@types/react-dom@19.3.0':
    resolution: {integrity: sha1-kClKkmbv2SilJm8hENYNXbpQFdI=, tarball: https://registry.npmjs.org/@types/react-dom/-/react-dom-19.3.0.tgz}
    peerDependencies:
      '@types/react': ^19.3.0

  '@types/react@19.3.0':
    resolution: {integrity: sha1-Ozzo2MFif7XM1NrdV+9EXFoVO3c=, tarball: https://registry.npmjs.org/@types/react/-/react-19.3.0.tgz}

  '@typescript/typescript-aix-ppc64@7.0.2':
    resolution: {integrity: sha1-zcfOgdYPHgkDSWDd+x+4gNendrY=, tarball: https://registry.npmjs.org/@typescript/typescript-aix-ppc64/-/typescript-aix-ppc64-7.0.2.tgz}
    engines: {node: '>=16.20.0'}
    cpu: [ppc64]
    os: [aix]

  '@typescript/typescript-darwin-arm64@7.0.2':
    resolution: {integrity: sha1-pV/fz6WN9Y0n2yI3zealweNacjU=, tarball: https://registry.npmjs.org/@typescript/typescript-darwin-arm64/-/typescript-darwin-arm64-7.0.2.tgz}
    engines: {node: '>=16.20.0'}
    cpu: [arm64]
    os: [darwin]

  '@typescript/typescript-darwin-x64@7.0.2':
    resolution: {integrity: sha1-ONHJFygAqR1we+xk0qNwoBZjTbQ=, tarball: https://registry.npmjs.org/@typescript/typescript-darwin-x64/-/typescript-darwin-x64-7.0.2.tgz}
    engines: {node: '>=16.20.0'}
    cpu: [x64]
    os: [darwin]

  '@typescript/typescript-freebsd-arm64@7.0.2':
    resolution: {integrity: sha1-8f+IEAMLNdK1vg22otxlBGDqlPo=, tarball: https://registry.npmjs.org/@typescript/typescript-freebsd-arm64/-/typescript-freebsd-arm64-7.0.2.tgz}
    engines: {node: '>=16.20.0'}
    cpu: [arm64]
    os: [freebsd]

  '@typescript/typescript-freebsd-x64@7.0.2':
    resolution: {integrity: sha1-PYawPzU8WxupUWLrbONVM7/ClL0=, tarball: https://registry.npmjs.org/@typescript/typescript-freebsd-x64/-/typescript-freebsd-x64-7.0.2.tgz}
    engines: {node: '>=16.20.0'}
    cpu: [x64]
    os: [freebsd]

  '@typescript/typescript-linux-arm64@7.0.2':
    resolution: {integrity: sha1-2TNNltbaxv+F2pyGVYiUjek56R8=, tarball: https://registry.npmjs.org/@typescript/typescript-linux-arm64/-/typescript-linux-arm64-7.0.2.tgz}
    engines: {node: '>=16.20.0'}
    cpu: [arm64]
    os: [linux]

  '@typescript/typescript-linux-arm@7.0.2':
    resolution: {integrity: sha1-rZS0HhruKk3MaimMe2fEM0X94y4=, tarball: https://registry.npmjs.org/@typescript/typescript-linux-arm/-/typescript-linux-arm-7.0.2.tgz}
    engines: {node: '>=16.20.0'}
    cpu: [arm]
    os: [linux]

  '@typescript/typescript-linux-loong64@7.0.2':
    resolution: {integrity: sha1-KWWu5PyHM2ATnYk9qv5jl6KROK0=, tarball: https://registry.npmjs.org/@typescript/typescript-linux-loong64/-/typescript-linux-loong64-7.0.2.tgz}
    engines: {node: '>=16.20.0'}
    cpu: [loong64]
    os: [linux]

  '@typescript/typescript-linux-mips64el@7.0.2':
    resolution: {integrity: sha1-Goh6MRvtOoM/gL/Uqe03wnGTbPA=, tarball: https://registry.npmjs.org/@typescript/typescript-linux-mips64el/-/typescript-linux-mips64el-7.0.2.tgz}
    engines: {node: '>=16.20.0'}
    cpu: [mips64el]
    os: [linux]

  '@typescript/typescript-linux-ppc64@7.0.2':
    resolution: {integrity: sha1-i2PJsvRFs5PrTkPsIdoiXa3jV30=, tarball: https://registry.npmjs.org/@typescript/typescript-linux-ppc64/-/typescript-linux-ppc64-7.0.2.tgz}
    engines: {node: '>=16.20.0'}
    cpu: [ppc64]
    os: [linux]

  '@typescript/typescript-linux-riscv64@7.0.2':
    resolution: {integrity: sha1-tuijXCibPql6kqQdRhqu7Q07NuE=, tarball: https://registry.npmjs.org/@typescript/typescript-linux-riscv64/-/typescript-linux-riscv64-7.0.2.tgz}
    engines: {node: '>=16.20.0'}
    cpu: [riscv64]
    os: [linux]

  '@typescript/typescript-linux-s390x@7.0.2':
    resolution: {integrity: sha1-Lvlmk75IYfbReWVCflsAnLvtGj4=, tarball: https://registry.npmjs.org/@typescript/typescript-linux-s390x/-/typescript-linux-s390x-7.0.2.tgz}
    engines: {node: '>=16.20.0'}
    cpu: [s390x]
    os: [linux]

  '@typescript/typescript-linux-x64@7.0.2':
    resolution: {integrity: sha1-cyacsLq6UK6gygYERaa4jlg/HOI=, tarball: https://registry.npmjs.org/@typescript/typescript-linux-x64/-/typescript-linux-x64-7.0.2.tgz}
    engines: {node: '>=16.20.0'}
    cpu: [x64]
    os: [linux]

  '@typescript/typescript-netbsd-arm64@7.0.2':
    resolution: {integrity: sha1-OjZJ+X+vohC05uN5jBXgZgXIqQE=, tarball: https://registry.npmjs.org/@typescript/typescript-netbsd-arm64/-/typescript-netbsd-arm64-7.0.2.tgz}
    engines: {node: '>=16.20.0'}
    cpu: [arm64]
    os: [netbsd]

  '@typescript/typescript-netbsd-x64@7.0.2':
    resolution: {integrity: sha1-R+xZSRpAxHDSgH3E0rglUo/Zeas=, tarball: https://registry.npmjs.org/@typescript/typescript-netbsd-x64/-/typescript-netbsd-x64-7.0.2.tgz}
    engines: {node: '>=16.20.0'}
    cpu: [x64]
    os: [netbsd]

  '@typescript/typescript-openbsd-arm64@7.0.2':
    resolution: {integrity: sha1-eWvo2gvZidij+5bygB44qDZbS68=, tarball: https://registry.npmjs.org/@typescript/typescript-openbsd-arm64/-/typescript-openbsd-arm64-7.0.2.tgz}
    engines: {node: '>=16.20.0'}
    cpu: [arm64]
    os: [openbsd]

  '@typescript/typescript-openbsd-x64@7.0.2':
    resolution: {integrity: sha1-03/ipynrlCwHbEVO5/GBX699Vg8=, tarball: https://registry.npmjs.org/@typescript/typescript-openbsd-x64/-/typescript-openbsd-x64-7.0.2.tgz}
    engines: {node: '>=16.20.0'}
    cpu: [x64]
    os: [openbsd]

  '@typescript/typescript-sunos-x64@7.0.2':
    resolution: {integrity: sha1-q6jTRkw1ZacER4m6upaRa9SrLIg=, tarball: https://registry.npmjs.org/@typescript/typescript-sunos-x64/-/typescript-sunos-x64-7.0.2.tgz}
    engines: {node: '>=16.20.0'}
    cpu: [x64]
    os: [sunos]

  '@typescript/typescript-win32-arm64@7.0.2':
    resolution: {integrity: sha1-ud5QoXGWOD9iYgtfnQovNK07YNc=, tarball: https://registry.npmjs.org/@typescript/typescript-win32-arm64/-/typescript-win32-arm64-7.0.2.tgz}
    engines: {node: '>=16.20.0'}
    cpu: [arm64]
    os: [win32]

  '@typescript/typescript-win32-x64@7.0.2':
    resolution: {integrity: sha1-zzt7DWzlY12spMjgHBic3N5H7Dw=, tarball: https://registry.npmjs.org/@typescript/typescript-win32-x64/-/typescript-win32-x64-7.0.2.tgz}
    engines: {node: '>=16.20.0'}
    cpu: [x64]
    os: [win32]

  '@vitest/mocker@5.0.2':
    resolution: {integrity: sha512-Z5FS00Q1SJHkB35xATsmWGdQ5WA1/0MV3CDjqyv7GavHv1OfOj145MNfHOlHk7QLes21dKFDHr8EO2zvL+9WGA==, tarball: https://registry.npmjs.org/@vitest/mocker/-/mocker-5.0.2.tgz}
    peerDependencies:
      msw: ^2.4.9
      vite: ^6.0.0 || ^7.0.0 || ^8.0.0
    peerDependenciesMeta:
      msw:
        optional: true
      vite:
        optional: true

  '@vitest/spy@5.0.2':
    resolution: {integrity: sha512-Ijc7T1nT9efNb5LxvjaBrEqw3f/QwUv5EE0nKqZxgqsaV/FxAAZ8baGylA8X/Z2oS4Lp+K74Jr6dTJsDKxJDeg==, tarball: https://registry.npmjs.org/@vitest/spy/-/spy-5.0.2.tgz}

  assertion-error@2.0.1:
    resolution: {integrity: sha1-9kGhlrM1aQsQcL8AtudZP+wZC/c=, tarball: https://registry.npmjs.org/assertion-error/-/assertion-error-2.0.1.tgz}
    engines: {node: '>=12'}

  chai@6.2.2:
    resolution: {integrity: sha1-rkG1LJrKh3NFBTYnF/MlX6zaNg4=, tarball: https://registry.npmjs.org/chai/-/chai-6.2.2.tgz}
    engines: {node: '>=18'}

  csstype@3.2.3:
    resolution: {integrity: sha1-7EjA8+mT5QZIyG2lWeJhCZXPmJo=, tarball: https://registry.npmjs.org/csstype/-/csstype-3.2.3.tgz}

  detect-libc@2.1.2:
    resolution: {integrity: sha1-aJxdzcGQDvVYOky59te0c3QgdK0=, tarball: https://registry.npmjs.org/detect-libc/-/detect-libc-2.1.2.tgz}
    engines: {node: '>=8'}

  es-module-lexer@2.3.2:
    resolution: {integrity: sha1-MR+k9AFowZdcUFR3xRsjI01BrVU=, tarball: https://registry.npmjs.org/es-module-lexer/-/es-module-lexer-2.3.2.tgz}

  estree-walker@3.0.3:
    resolution: {integrity: sha1-Z8PlSexAKkh7T8GT0ZU6UkdSNA0=, tarball: https://registry.npmjs.org/estree-walker/-/estree-walker-3.0.3.tgz}

  expect-type@1.4.0:
    resolution: {integrity: sha1-JO338MxppE0AhWe6RZSrlvPDo9Y=, tarball: https://registry.npmjs.org/expect-type/-/expect-type-1.4.0.tgz}
    engines: {node: '>=12.0.0'}

  fdir@6.5.0:
    resolution: {integrity: sha1-7Sq5Z6MxreYvGNB32uGSaE1Q01A=, tarball: https://registry.npmjs.org/fdir/-/fdir-6.5.0.tgz}
    engines: {node: '>=12.0.0'}
    peerDependencies:
      picomatch: ^3 || ^4
    peerDependenciesMeta:
      picomatch:
        optional: true

  fsevents@2.3.3:
    resolution: {integrity: sha1-ysZAd4XQNnWipeGlMFxpezR9kNY=, tarball: https://registry.npmjs.org/fsevents/-/fsevents-2.3.3.tgz}
    engines: {node: ^8.16.0 || ^10.6.0 || >=11.0.0}
    os: [darwin]

  lightningcss-android-arm64@1.33.0:
    resolution: {integrity: sha1-mmhB+IrlD8g1ApA4krQa9BvCuQc=, tarball: https://registry.npmjs.org/lightningcss-android-arm64/-/lightningcss-android-arm64-1.33.0.tgz}
    engines: {node: '>= 12.0.0'}
    cpu: [arm64]
    os: [android]

  lightningcss-darwin-arm64@1.33.0:
    resolution: {integrity: sha1-wPLDHAv9GfpN0/GOlXofGhUgl9Y=, tarball: https://registry.npmjs.org/lightningcss-darwin-arm64/-/lightningcss-darwin-arm64-1.33.0.tgz}
    engines: {node: '>= 12.0.0'}
    cpu: [arm64]
    os: [darwin]

  lightningcss-darwin-x64@1.33.0:
    resolution: {integrity: sha1-ywcFllrLU4xmg5Sc5pJfs833w2E=, tarball: https://registry.npmjs.org/lightningcss-darwin-x64/-/lightningcss-darwin-x64-1.33.0.tgz}
    engines: {node: '>= 12.0.0'}
    cpu: [x64]
    os: [darwin]

  lightningcss-freebsd-x64@1.33.0:
    resolution: {integrity: sha1-djU4gosmurJoDa2vzITueLDrUCs=, tarball: https://registry.npmjs.org/lightningcss-freebsd-x64/-/lightningcss-freebsd-x64-1.33.0.tgz}
    engines: {node: '>= 12.0.0'}
    cpu: [x64]
    os: [freebsd]

  lightningcss-linux-arm-gnueabihf@1.33.0:
    resolution: {integrity: sha1-aGLjF2ozGu297B7TUrTX0N0HhN4=, tarball: https://registry.npmjs.org/lightningcss-linux-arm-gnueabihf/-/lightningcss-linux-arm-gnueabihf-1.33.0.tgz}
    engines: {node: '>= 12.0.0'}
    cpu: [arm]
    os: [linux]

  lightningcss-linux-arm64-gnu@1.33.0:
    resolution: {integrity: sha1-xqOi7RUUHa9r3CYokw+OOb30c6o=, tarball: https://registry.npmjs.org/lightningcss-linux-arm64-gnu/-/lightningcss-linux-arm64-gnu-1.33.0.tgz}
    engines: {node: '>= 12.0.0'}
    cpu: [arm64]
    os: [linux]
    libc: [glibc]

  lightningcss-linux-arm64-musl@1.33.0:
    resolution: {integrity: sha1-f6EzSXH8goRfmCffbvigsgkUusY=, tarball: https://registry.npmjs.org/lightningcss-linux-arm64-musl/-/lightningcss-linux-arm64-musl-1.33.0.tgz}
    engines: {node: '>= 12.0.0'}
    cpu: [arm64]
    os: [linux]
    libc: [musl]

  lightningcss-linux-x64-gnu@1.33.0:
    resolution: {integrity: sha1-i5J4YuqMK7xoMaRlCSRLUNmTblU=, tarball: https://registry.npmjs.org/lightningcss-linux-x64-gnu/-/lightningcss-linux-x64-gnu-1.33.0.tgz}
    engines: {node: '>= 12.0.0'}
    cpu: [x64]
    os: [linux]
    libc: [glibc]

  lightningcss-linux-x64-musl@1.33.0:
    resolution: {integrity: sha1-DFJbsHff2UQEwFnP5C2teX6Wrq8=, tarball: https://registry.npmjs.org/lightningcss-linux-x64-musl/-/lightningcss-linux-x64-musl-1.33.0.tgz}
    engines: {node: '>= 12.0.0'}
    cpu: [x64]
    os: [linux]
    libc: [musl]

  lightningcss-win32-arm64-msvc@1.33.0:
    resolution: {integrity: sha1-hQ7hED2smJz6tQ46wi0aaeOU5j0=, tarball: https://registry.npmjs.org/lightningcss-win32-arm64-msvc/-/lightningcss-win32-arm64-msvc-1.33.0.tgz}
    engines: {node: '>= 12.0.0'}
    cpu: [arm64]
    os: [win32]

  lightningcss-win32-x64-msvc@1.33.0:
    resolution: {integrity: sha1-40OuFS7tNgncbhGUnRo785oclG8=, tarball: https://registry.npmjs.org/lightningcss-win32-x64-msvc/-/lightningcss-win32-x64-msvc-1.33.0.tgz}
    engines: {node: '>= 12.0.0'}
    cpu: [x64]
    os: [win32]

  lightningcss@1.33.0:
    resolution: {integrity: sha1-wIhn1xp5OFxuGQIU/XL+8+X5Xws=, tarball: https://registry.npmjs.org/lightningcss/-/lightningcss-1.33.0.tgz}
    engines: {node: '>= 12.0.0'}

  magic-string@1.4.2:
    resolution: {integrity: sha512-vG+rjFRj1PqdIBozIxAGMjPlOhaVe+GXpbttY/iSK7rGcJRMlwNJO7dcUwmUqkymsFLJiNGI06t4D7Fr7yRC9g==, tarball: https://registry.npmjs.org/magic-string/-/magic-string-1.4.2.tgz}

  nanoid@3.3.19:
    resolution: {integrity: sha512-Y2tUNy4ouw6tq5oDSKeQYGOyhkUBhNOcGV/02KC+6kd9eDGqdZd++mjMiIDilrBYvjEnCYvVtsuHCuP+okSfug==, tarball: https://registry.npmjs.org/nanoid/-/nanoid-3.3.19.tgz}
    engines: {node: ^10 || ^12 || ^13.7 || ^14 || >=15.0.1}
    hasBin: true

  obug@2.2.1:
    resolution: {integrity: sha1-nEU+/u2oIgUOuXdCQulpx4TWTXg=, tarball: https://registry.npmjs.org/obug/-/obug-2.2.1.tgz}
    engines: {node: '>=12.20.0'}

  picocolors@1.1.1:
    resolution: {integrity: sha1-PTIa8+q5ObCDyPkpodEs2oHCa2s=, tarball: https://registry.npmjs.org/picocolors/-/picocolors-1.1.1.tgz}

  picomatch@4.0.7:
    resolution: {integrity: sha1-YxM2ADTMs2s9xh7L3/eBIfkP4h8=, tarball: https://registry.npmjs.org/picomatch/-/picomatch-4.0.7.tgz}
    engines: {node: '>=12'}

  postcss@8.5.28:
    resolution: {integrity: sha1-2kVjqZoG5i1sHNGsrjYyJLyu1uk=, tarball: https://registry.npmjs.org/postcss/-/postcss-8.5.28.tgz}
    engines: {node: ^10 || ^12 || >=14}

  react-dom@19.3.0:
    resolution: {integrity: sha1-oP8ZFh1/TpvlRpoHJ4sMBuAPkAE=, tarball: https://registry.npmjs.org/react-dom/-/react-dom-19.3.0.tgz}
    peerDependencies:
      react: ^19.3.0

  react@19.3.0:
    resolution: {integrity: sha1-4gqjoUaHB1zoYzUbWHiwYIw/v7I=, tarball: https://registry.npmjs.org/react/-/react-19.3.0.tgz}
    engines: {node: '>=0.10.0'}

  rolldown@1.2.11:
    resolution: {integrity: sha512-qpSwIyz0jHQq5qXBTNxFmE6664rJ7O+4TvPFOiOaBSrz8IOHc1koKKSqTM2H6u1UG1+TveuC6vaDHKXFOvb1Kw==, tarball: https://registry.npmjs.org/rolldown/-/rolldown-1.2.11.tgz}
    engines: {node: ^20.19.0 || >=22.12.0}
    hasBin: true

  scheduler@0.28.0:
    resolution: {integrity: sha1-A9PKNIrq+LdQL2RGjyF7J1I/lpU=, tarball: https://registry.npmjs.org/scheduler/-/scheduler-0.28.0.tgz}

  source-map-js@1.2.1:
    resolution: {integrity: sha1-HOVlD93YerwJnto33P8CTCZnrkY=, tarball: https://registry.npmjs.org/source-map-js/-/source-map-js-1.2.1.tgz}
    engines: {node: '>=0.10.0'}

  std-env@4.2.0:
    resolution: {integrity: sha1-jr4OxgSFZoq0ciezEvQlTN+AydM=, tarball: https://registry.npmjs.org/std-env/-/std-env-4.2.0.tgz}

  tinybench@6.2.0:
    resolution: {integrity: sha512-78U2TlB2CnVenajOFzf3BKSm0J6oz5L0NV7g32LCPccvYc0lbWvys4d3uUUCS2B1N8PAf2+aekR8i1KbC3HO7Q==, tarball: https://registry.npmjs.org/tinybench/-/tinybench-6.2.0.tgz}
    engines: {node: '>=20.0.0'}

  tinyexec@1.3.1:
    resolution: {integrity: sha1-FqLjxuI/r85yZA5njmUds2FFucY=, tarball: https://registry.npmjs.org/tinyexec/-/tinyexec-1.3.1.tgz}
    engines: {node: '>=18'}

  tinyglobby@0.2.17:
    resolution: {integrity: sha1-ViqabJ6ys7Ej05cZ+a9btE/NdjE=, tarball: https://registry.npmjs.org/tinyglobby/-/tinyglobby-0.2.17.tgz}
    engines: {node: '>=12.0.0'}

  typescript@7.0.2:
    resolution: {integrity: sha1-nsdz15VKjBgsF8xbvVdaoovFFYI=, tarball: https://registry.npmjs.org/typescript/-/typescript-7.0.2.tgz}
    engines: {node: '>=16.20.0'}
    hasBin: true

  undici-types@7.24.6:
    resolution: {integrity: sha1-YSdbSF1/1OnSacfPBOwoc8nMD5E=, tarball: https://registry.npmjs.org/undici-types/-/undici-types-7.24.6.tgz}

  vite@8.3.1:
    resolution: {integrity: sha512-/bvH9E9tmCXRGp2uXY3WbOldqpTwFkbha/8ANaEQ6VkxhH60KyqLwgZq6lG2y+4uT55x9+9eUHMpQ7uGnOCKjA==, tarball: https://registry.npmjs.org/vite/-/vite-8.3.1.tgz}
    engines: {node: ^20.19.0 || >=22.12.0}
    hasBin: true
    peerDependencies:
      '@types/node': ^20.19.0 || >=22.12.0
      '@vitejs/devtools': ^0.7.1
      esbuild: ^0.27.0 || ^0.28.0
      jiti: '>=1.21.0'
      less: ^4.0.0
      sass: ^1.70.0
      sass-embedded: ^1.70.0
      stylus: '>=0.54.8'
      sugarss: ^5.0.0
      terser: ^5.16.0
      tsx: ^4.8.1
      yaml: ^2.4.2
    peerDependenciesMeta:
      '@types/node':
        optional: true
      '@vitejs/devtools':
        optional: true
      esbuild:
        optional: true
      jiti:
        optional: true
      less:
        optional: true
      sass:
        optional: true
      sass-embedded:
        optional: true
      stylus:
        optional: true
      sugarss:
        optional: true
      terser:
        optional: true
      tsx:
        optional: true
      yaml:
        optional: true

  vitest@5.0.2:
    resolution: {integrity: sha512-7MQrx9pDv5aHiUcovIb/70Ys3tgtkUVgCtledvKdCmEO+/1Dicq5ZqoSxOW034m03oqC+oHOKui2dM6qtMLoJg==, tarball: https://registry.npmjs.org/vitest/-/vitest-5.0.2.tgz}
    engines: {node: ^22.12.0 || ^24.0.0 || >=26.0.0}
    hasBin: true
    peerDependencies:
      '@edge-runtime/vm': '*'
      '@opentelemetry/api': ^1.9.0
      '@types/node': ^22.0.0 || >=24.0.0
      '@vitest/browser-playwright': 5.0.2
      '@vitest/browser-preview': 5.0.2
      '@vitest/browser-webdriverio': ^5.0.0-beta.5 || >=5.0.0
      '@vitest/coverage-istanbul': 5.0.2
      '@vitest/coverage-v8': 5.0.2
      '@vitest/ui': 5.0.2
      happy-dom: '*'
      jsdom: '*'
      vite: ^6.4.0 || ^7.0.0 || ^8.0.0
    peerDependenciesMeta:
      '@edge-runtime/vm':
        optional: true
      '@opentelemetry/api':
        optional: true
      '@types/node':
        optional: true
      '@vitest/browser-playwright':
        optional: true
      '@vitest/browser-preview':
        optional: true
      '@vitest/browser-webdriverio':
        optional: true
      '@vitest/coverage-istanbul':
        optional: true
      '@vitest/coverage-v8':
        optional: true
      '@vitest/ui':
        optional: true
      happy-dom:
        optional: true
      jsdom:
        optional: true

  why-is-node-running@3.2.2:
    resolution: {integrity: sha1-TFY/UGjFlgFnIg8bcQKuUBzv77k=, tarball: https://registry.npmjs.org/why-is-node-running/-/why-is-node-running-3.2.2.tgz}
    engines: {node: '>=20.11'}
    hasBin: true

  yaml@2.9.1:
    resolution: {integrity: sha512-3NxN8+78OdzbT7C/WjGsyfPAtJaN3FNDsWxv7Y7mcDsT/oOmgW8BpyQQFFBnvZE3j9Y2Sdz1ULFLezL7Eb2yFw==, tarball: https://registry.npmjs.org/yaml/-/yaml-2.9.1.tgz}
    engines: {node: '>= 14.6'}
    hasBin: true

snapshots:

  '@biomejs/biome@2.5.14':
    optionalDependencies:
      '@biomejs/cli-darwin-arm64': 2.5.14
      '@biomejs/cli-darwin-x64': 2.5.14
      '@biomejs/cli-linux-arm64': 2.5.14
      '@biomejs/cli-linux-arm64-musl': 2.5.14
      '@biomejs/cli-linux-x64': 2.5.14
      '@biomejs/cli-linux-x64-musl': 2.5.14
      '@biomejs/cli-win32-arm64': 2.5.14
      '@biomejs/cli-win32-x64': 2.5.14

  '@biomejs/cli-darwin-arm64@2.5.14':
    optional: true

  '@biomejs/cli-darwin-x64@2.5.14':
    optional: true

  '@biomejs/cli-linux-arm64-musl@2.5.14':
    optional: true

  '@biomejs/cli-linux-arm64@2.5.14':
    optional: true

  '@biomejs/cli-linux-x64-musl@2.5.14':
    optional: true

  '@biomejs/cli-linux-x64@2.5.14':
    optional: true

  '@biomejs/cli-win32-arm64@2.5.14':
    optional: true

  '@biomejs/cli-win32-x64@2.5.14':
    optional: true

  '@jridgewell/resolve-uri@3.1.2': {}

  '@jridgewell/sourcemap-codec@1.6.0': {}

  '@jridgewell/trace-mapping@0.3.31':
    dependencies:
      '@jridgewell/resolve-uri': 3.1.2
      '@jridgewell/sourcemap-codec': 1.6.0

  '@oxc-project/types@0.151.0': {}

  '@rolldown/binding-android-arm-eabi@1.2.11':
    optional: true

  '@rolldown/binding-android-arm64@1.2.11':
    optional: true

  '@rolldown/binding-darwin-arm64@1.2.11':
    optional: true

  '@rolldown/binding-darwin-x64@1.2.11':
    optional: true

  '@rolldown/binding-freebsd-x64@1.2.11':
    optional: true

  '@rolldown/binding-linux-arm-gnueabihf@1.2.11':
    optional: true

  '@rolldown/binding-linux-arm64-gnu@1.2.11':
    optional: true

  '@rolldown/binding-linux-arm64-musl@1.2.11':
    optional: true

  '@rolldown/binding-linux-ppc64-gnu@1.2.11':
    optional: true

  '@rolldown/binding-linux-s390x-gnu@1.2.11':
    optional: true

  '@rolldown/binding-linux-x64-gnu@1.2.11':
    optional: true

  '@rolldown/binding-linux-x64-musl@1.2.11':
    optional: true

  '@rolldown/binding-openharmony-arm64@1.2.11':
    optional: true

  '@rolldown/binding-win32-arm64-msvc@1.2.11':
    optional: true

  '@rolldown/binding-win32-x64-msvc@1.2.11':
    optional: true

  '@rolldown/pluginutils@1.0.1': {}

  '@types/chai@5.2.3':
    dependencies:
      '@types/deep-eql': 4.0.2
      assertion-error: 2.0.1

  '@types/deep-eql@4.0.2': {}

  '@types/estree@1.0.9': {}

  '@types/node@24.19.0':
    dependencies:
      undici-types: 7.24.6

  '@types/react-dom@19.3.0(@types/react@19.3.0)':
    dependencies:
      '@types/react': 19.3.0

  '@types/react@19.3.0':
    dependencies:
      csstype: 3.2.3

  '@typescript/typescript-aix-ppc64@7.0.2':
    optional: true

  '@typescript/typescript-darwin-arm64@7.0.2':
    optional: true

  '@typescript/typescript-darwin-x64@7.0.2':
    optional: true

  '@typescript/typescript-freebsd-arm64@7.0.2':
    optional: true

  '@typescript/typescript-freebsd-x64@7.0.2':
    optional: true

  '@typescript/typescript-linux-arm64@7.0.2':
    optional: true

  '@typescript/typescript-linux-arm@7.0.2':
    optional: true

  '@typescript/typescript-linux-loong64@7.0.2':
    optional: true

  '@typescript/typescript-linux-mips64el@7.0.2':
    optional: true

  '@typescript/typescript-linux-ppc64@7.0.2':
    optional: true

  '@typescript/typescript-linux-riscv64@7.0.2':
    optional: true

  '@typescript/typescript-linux-s390x@7.0.2':
    optional: true

  '@typescript/typescript-linux-x64@7.0.2':
    optional: true

  '@typescript/typescript-netbsd-arm64@7.0.2':
    optional: true

  '@typescript/typescript-netbsd-x64@7.0.2':
    optional: true

  '@typescript/typescript-openbsd-arm64@7.0.2':
    optional: true

  '@typescript/typescript-openbsd-x64@7.0.2':
    optional: true

  '@typescript/typescript-sunos-x64@7.0.2':
    optional: true

  '@typescript/typescript-win32-arm64@7.0.2':
    optional: true

  '@typescript/typescript-win32-x64@7.0.2':
    optional: true

  '@vitest/mocker@5.0.2(vite@8.3.1(@types/node@24.19.0)(yaml@2.9.1))':
    dependencies:
      '@jridgewell/trace-mapping': 0.3.31
      '@vitest/spy': 5.0.2
      estree-walker: 3.0.3
      magic-string: 1.4.2
    optionalDependencies:
      vite: 8.3.1(@types/node@24.19.0)(yaml@2.9.1)

  '@vitest/spy@5.0.2': {}

  assertion-error@2.0.1: {}

  chai@6.2.2: {}

  csstype@3.2.3: {}

  detect-libc@2.1.2: {}

  es-module-lexer@2.3.2: {}

  estree-walker@3.0.3:
    dependencies:
      '@types/estree': 1.0.9

  expect-type@1.4.0: {}

  fdir@6.5.0(picomatch@4.0.7):
    optionalDependencies:
      picomatch: 4.0.7

  fsevents@2.3.3:
    optional: true

  lightningcss-android-arm64@1.33.0:
    optional: true

  lightningcss-darwin-arm64@1.33.0:
    optional: true

  lightningcss-darwin-x64@1.33.0:
    optional: true

  lightningcss-freebsd-x64@1.33.0:
    optional: true

  lightningcss-linux-arm-gnueabihf@1.33.0:
    optional: true

  lightningcss-linux-arm64-gnu@1.33.0:
    optional: true

  lightningcss-linux-arm64-musl@1.33.0:
    optional: true

  lightningcss-linux-x64-gnu@1.33.0:
    optional: true

  lightningcss-linux-x64-musl@1.33.0:
    optional: true

  lightningcss-win32-arm64-msvc@1.33.0:
    optional: true

  lightningcss-win32-x64-msvc@1.33.0:
    optional: true

  lightningcss@1.33.0:
    dependencies:
      detect-libc: 2.1.2
    optionalDependencies:
      lightningcss-android-arm64: 1.33.0
      lightningcss-darwin-arm64: 1.33.0
      lightningcss-darwin-x64: 1.33.0
      lightningcss-freebsd-x64: 1.33.0
      lightningcss-linux-arm-gnueabihf: 1.33.0
      lightningcss-linux-arm64-gnu: 1.33.0
      lightningcss-linux-arm64-musl: 1.33.0
      lightningcss-linux-x64-gnu: 1.33.0
      lightningcss-linux-x64-musl: 1.33.0
      lightningcss-win32-arm64-msvc: 1.33.0
      lightningcss-win32-x64-msvc: 1.33.0

  magic-string@1.4.2:
    dependencies:
      '@jridgewell/sourcemap-codec': 1.6.0

  nanoid@3.3.19: {}

  obug@2.2.1: {}

  picocolors@1.1.1: {}

  picomatch@4.0.7: {}

  postcss@8.5.28:
    dependencies:
      nanoid: 3.3.19
      picocolors: 1.1.1
      source-map-js: 1.2.1

  react-dom@19.3.0(react@19.3.0):
    dependencies:
      react: 19.3.0
      scheduler: 0.28.0

  react@19.3.0: {}

  rolldown@1.2.11:
    dependencies:
      '@oxc-project/types': 0.151.0
      '@rolldown/pluginutils': 1.0.1
    optionalDependencies:
      '@rolldown/binding-android-arm-eabi': 1.2.11
      '@rolldown/binding-android-arm64': 1.2.11
      '@rolldown/binding-darwin-arm64': 1.2.11
      '@rolldown/binding-darwin-x64': 1.2.11
      '@rolldown/binding-freebsd-x64': 1.2.11
      '@rolldown/binding-linux-arm-gnueabihf': 1.2.11
      '@rolldown/binding-linux-arm64-gnu': 1.2.11
      '@rolldown/binding-linux-arm64-musl': 1.2.11
      '@rolldown/binding-linux-ppc64-gnu': 1.2.11
      '@rolldown/binding-linux-s390x-gnu': 1.2.11
      '@rolldown/binding-linux-x64-gnu': 1.2.11
      '@rolldown/binding-linux-x64-musl': 1.2.11
      '@rolldown/binding-openharmony-arm64': 1.2.11
      '@rolldown/binding-win32-arm64-msvc': 1.2.11
      '@rolldown/binding-win32-x64-msvc': 1.2.11

  scheduler@0.28.0: {}

  source-map-js@1.2.1: {}

  std-env@4.2.0: {}

  tinybench@6.2.0: {}

  tinyexec@1.3.1: {}

  tinyglobby@0.2.17:
    dependencies:
      fdir: 6.5.0(picomatch@4.0.7)
      picomatch: 4.0.7

  typescript@7.0.2:
    optionalDependencies:
      '@typescript/typescript-aix-ppc64': 7.0.2
      '@typescript/typescript-darwin-arm64': 7.0.2
      '@typescript/typescript-darwin-x64': 7.0.2
      '@typescript/typescript-freebsd-arm64': 7.0.2
      '@typescript/typescript-freebsd-x64': 7.0.2
      '@typescript/typescript-linux-arm': 7.0.2
      '@typescript/typescript-linux-arm64': 7.0.2
      '@typescript/typescript-linux-loong64': 7.0.2
      '@typescript/typescript-linux-mips64el': 7.0.2
      '@typescript/typescript-linux-ppc64': 7.0.2
      '@typescript/typescript-linux-riscv64': 7.0.2
      '@typescript/typescript-linux-s390x': 7.0.2
      '@typescript/typescript-linux-x64': 7.0.2
      '@typescript/typescript-netbsd-arm64': 7.0.2
      '@typescript/typescript-netbsd-x64': 7.0.2
      '@typescript/typescript-openbsd-arm64': 7.0.2
      '@typescript/typescript-openbsd-x64': 7.0.2
      '@typescript/typescript-sunos-x64': 7.0.2
      '@typescript/typescript-win32-arm64': 7.0.2
      '@typescript/typescript-win32-x64': 7.0.2

  undici-types@7.24.6: {}

  vite@8.3.1(@types/node@24.19.0)(yaml@2.9.1):
    dependencies:
      lightningcss: 1.33.0
      picomatch: 4.0.7
      postcss: 8.5.28
      rolldown: 1.2.11
      tinyglobby: 0.2.17
    optionalDependencies:
      '@types/node': 24.19.0
      fsevents: 2.3.3
      yaml: 2.9.1

  vitest@5.0.2(@types/node@24.19.0)(vite@8.3.1(@types/node@24.19.0)(yaml@2.9.1)):
    dependencies:
      '@types/chai': 5.2.3
      '@vitest/mocker': 5.0.2(vite@8.3.1(@types/node@24.19.0)(yaml@2.9.1))
      chai: 6.2.2
      es-module-lexer: 2.3.2
      expect-type: 1.4.0
      magic-string: 1.4.2
      obug: 2.2.1
      picomatch: 4.0.7
      std-env: 4.2.0
      tinybench: 6.2.0
      tinyexec: 1.3.1
      tinyglobby: 0.2.17
      vite: 8.3.1(@types/node@24.19.0)(yaml@2.9.1)
      why-is-node-running: 3.2.2
    optionalDependencies:
      '@types/node': 24.19.0
    transitivePeerDependencies:
      - msw

  why-is-node-running@3.2.2: {}

  yaml@2.9.1: {}
